
Microsoft Visual Studio Solution File, Format Version 12.00
# Visual Studio Version 16
VisualStudioVersion = 16.0.30523.141
MinimumVisualStudioVersion = 10.0.40219.1
Project("{FAE04EC0-301F-11D3-BF4B-00C04F79EFBC}") = "CRUDProduct", "CRUDProduct\CRUDProduct.csproj", "{8E53AC21-26AE-4121-AB22-AFEBD2F3AD3E}"
EndProject
Global
	GlobalSection(SolutionConfigurationPlatforms) = preSolution
		Debug|Any CPU = Debug|Any CPU
		Release|Any CPU = Release|Any CPU
	EndGlobalSection
	GlobalSection(ProjectConfigurationPlatforms) = postSolution
		{8E53AC21-26AE-4121-AB22-AFEBD2F3AD3E}.Debug|Any CPU.ActiveCfg = Debug|Any CPU
		{8E53AC21-26AE-4121-AB22-AFEBD2F3AD3E}.Debug|Any CPU.Build.0 = Debug|Any CPU
		{8E53AC21-26AE-4121-AB22-AFEBD2F3AD3E}.Release|Any CPU.ActiveCfg = Release|Any CPU
		{8E53AC21-26AE-4121-AB22-AFEBD2F3AD3E}.Release|Any CPU.Build.0 = Release|Any CPU
	EndGlobalSection
	GlobalSection(SolutionProperties) = preSolution
		HideSolutionNode = FALSE
	EndGlobalSection
	GlobalSection(ExtensibilityGlobals) = postSolution
		SolutionGuid = {203610A8-3E74-4022-8EAF-855542A1D48A}
	EndGlobalSection
EndGlobal
